
Microsoft Visual Studio Solution File, Format Version 12.00
# Visual Studio 15
VisualStudioVersion = 15.0.27703.2047
MinimumVisualStudioVersion = 10.0.40219.1
Project("{FAE04EC0-301F-11D3-BF4B-00C04F79EFBC}") = "Problem01", "Problem01\Problem01.csproj", "{915E581B-10AF-4252-B6C1-7D9BE5687BE5}"
EndProject
Project("{FAE04EC0-301F-11D3-BF4B-00C04F79EFBC}") = "Tests01", "Tests01\Tests01.csproj", "{862D9E6B-3066-46E8-BAA6-2B5A09496906}"
	ProjectSection(ProjectDependencies) = postProject
		{915E581B-10AF-4252-B6C1-7D9BE5687BE5} = {915E581B-10AF-4252-B6C1-7D9BE5687BE5}
	EndProjectSection
EndProject
Global
	GlobalSection(SolutionConfigurationPlatforms) = preSolution
		Debug|Any CPU = Debug|Any CPU
		Release|Any CPU = Release|Any CPU
	EndGlobalSection
	GlobalSection(ProjectConfigurationPlatforms) = postSolution
		{915E581B-10AF-4252-B6C1-7D9BE5687BE5}.Debug|Any CPU.ActiveCfg = Debug|Any CPU
		{915E581B-10AF-4252-B6C1-7D9BE5687BE5}.Debug|Any CPU.Build.0 = Debug|Any CPU
		{915E581B-10AF-4252-B6C1-7D9BE5687BE5}.Release|Any CPU.ActiveCfg = Release|Any CPU
		{915E581B-10AF-4252-B6C1-7D9BE5687BE5}.Release|Any CPU.Build.0 = Release|Any CPU
		{862D9E6B-3066-46E8-BAA6-2B5A09496906}.Debug|Any CPU.ActiveCfg = Debug|Any CPU
		{862D9E6B-3066-46E8-BAA6-2B5A09496906}.Debug|Any CPU.Build.0 = Debug|Any CPU
		{862D9E6B-3066-46E8-BAA6-2B5A09496906}.Release|Any CPU.ActiveCfg = Release|Any CPU
		{862D9E6B-3066-46E8-BAA6-2B5A09496906}.Release|Any CPU.Build.0 = Release|Any CPU
	EndGlobalSection
	GlobalSection(SolutionProperties) = preSolution
		HideSolutionNode = FALSE
	EndGlobalSection
	GlobalSection(ExtensibilityGlobals) = postSolution
		SolutionGuid = {24CF66C0-F34C-4F2B-BDEA-1DCA170CF1C1}
	EndGlobalSection
EndGlobal
